
Microsoft Visual Studio Solution File, Format Version 12.00
# Visual Studio Version 17
VisualStudioVersion = 17.8.34227.203
MinimumVisualStudioVersion = 10.0.40219.1
Project("{FAE04EC0-301F-11D3-BF4B-00C04F79EFBC}") = "gpt-remnant", "gpt-remnant\gpt-remnant.csproj", "{A1C8782C-AB57-41A4-89D1-8826072AF0E3}"
EndProject
Project("{FAE04EC0-301F-11D3-BF4B-00C04F79EFBC}") = "parser", "parser\parser.csproj", "{05FCE9C0-65DF-4753-91D8-F221DA348F01}"
EndProject
Global
	GlobalSection(SolutionConfigurationPlatforms) = preSolution
		Debug|Any CPU = Debug|Any CPU
		Release|Any CPU = Release|Any CPU
	EndGlobalSection
	GlobalSection(ProjectConfigurationPlatforms) = postSolution
		{A1C8782C-AB57-41A4-89D1-8826072AF0E3}.Debug|Any CPU.ActiveCfg = Debug|Any CPU
		{A1C8782C-AB57-41A4-89D1-8826072AF0E3}.Debug|Any CPU.Build.0 = Debug|Any CPU
		{A1C8782C-AB57-41A4-89D1-8826072AF0E3}.Release|Any CPU.ActiveCfg = Release|Any CPU
		{A1C8782C-AB57-41A4-89D1-8826072AF0E3}.Release|Any CPU.Build.0 = Release|Any CPU
		{05FCE9C0-65DF-4753-91D8-F221DA348F01}.Debug|Any CPU.ActiveCfg = Debug|Any CPU
		{05FCE9C0-65DF-4753-91D8-F221DA348F01}.Debug|Any CPU.Build.0 = Debug|Any CPU
		{05FCE9C0-65DF-4753-91D8-F221DA348F01}.Release|Any CPU.ActiveCfg = Release|Any CPU
		{05FCE9C0-65DF-4753-91D8-F221DA348F01}.Release|Any CPU.Build.0 = Release|Any CPU
	EndGlobalSection
	GlobalSection(SolutionProperties) = preSolution
		HideSolutionNode = FALSE
	EndGlobalSection
	GlobalSection(ExtensibilityGlobals) = postSolution
		SolutionGuid = {8608C496-7700-4E83-BE3A-F1BACA81DA79}
	EndGlobalSection
EndGlobal
